// !$*UTF8*$!
{
	archiveVersion = 1;
	classes = {
	};
	objectVersion = 55;
	objects = {

/* Begin PBXBuildFile section */
		6E0C3572279551AD005FF0EF /* ListViewController.swift in Sources */ = {isa = PBXBuildFile; fileRef = 6E0C3571279551AC005FF0EF /* ListViewController.swift */; };
		6E0C3577279552F4005FF0EF /* MainTabBarController.swift in Sources */ = {isa = PBXBuildFile; fileRef = 6E0C3576279552F4005FF0EF /* MainTabBarController.swift */; };
		6E0C357A279553C6005FF0EF /* ContactsViewController.swift in Sources */ = {isa = PBXBuildFile; fileRef = 6E0C3579279553C6005FF0EF /* ContactsViewController.swift */; };
		6E0C357C27956957005FF0EF /* waitingChats.json in Resources */ = {isa = PBXBuildFile; fileRef = 6E0C357B27956957005FF0EF /* waitingChats.json */; };
		6E0C357E2795695D005FF0EF /* activeChats.json in Resources */ = {isa = PBXBuildFile; fileRef = 6E0C357D2795695D005FF0EF /* activeChats.json */; };
		6E0C358327956B53005FF0EF /* Bundle+Ext.swift in Sources */ = {isa = PBXBuildFile; fileRef = 6E0C358227956B53005FF0EF /* Bundle+Ext.swift */; };
		6E0C358627956F08005FF0EF /* ChatModel.swift in Sources */ = {isa = PBXBuildFile; fileRef = 6E0C358527956F08005FF0EF /* ChatModel.swift */; };
		6E0C358927958A5B005FF0EF /* ActiveChatCell.swift in Sources */ = {isa = PBXBuildFile; fileRef = 6E0C358827958A5B005FF0EF /* ActiveChatCell.swift */; };
		6E0C358B279593C1005FF0EF /* GradientView.swift in Sources */ = {isa = PBXBuildFile; fileRef = 6E0C358A279593C1005FF0EF /* GradientView.swift */; };
		6E0C358D27959F17005FF0EF /* WaitingChatCell.swift in Sources */ = {isa = PBXBuildFile; fileRef = 6E0C358C27959F17005FF0EF /* WaitingChatCell.swift */; };
		6E0C35902795A047005FF0EF /* ConfiguringCell.swift in Sources */ = {isa = PBXBuildFile; fileRef = 6E0C358F2795A047005FF0EF /* ConfiguringCell.swift */; };
		6E0C35922795A284005FF0EF /* SectionHeader.swift in Sources */ = {isa = PBXBuildFile; fileRef = 6E0C35912795A284005FF0EF /* SectionHeader.swift */; };
		6E0C35942795AA3F005FF0EF /* users.json in Resources */ = {isa = PBXBuildFile; fileRef = 6E0C35932795AA3F005FF0EF /* users.json */; };
		6E0C35992795AB0A005FF0EF /* ModelUser.swift in Sources */ = {isa = PBXBuildFile; fileRef = 6E0C35982795AB0A005FF0EF /* ModelUser.swift */; };
		6E43A2302794480C0053C86E /* AppDelegate.swift in Sources */ = {isa = PBXBuildFile; fileRef = 6E43A22F2794480C0053C86E /* AppDelegate.swift */; };
		6E43A2322794480C0053C86E /* SceneDelegate.swift in Sources */ = {isa = PBXBuildFile; fileRef = 6E43A2312794480C0053C86E /* SceneDelegate.swift */; };
		6E43A2342794480C0053C86E /* AuthViewController.swift in Sources */ = {isa = PBXBuildFile; fileRef = 6E43A2332794480C0053C86E /* AuthViewController.swift */; };
		6E43A2392794480F0053C86E /* Assets.xcassets in Resources */ = {isa = PBXBuildFile; fileRef = 6E43A2382794480F0053C86E /* Assets.xcassets */; };
		6E43A23C2794480F0053C86E /* LaunchScreen.storyboard in Resources */ = {isa = PBXBuildFile; fileRef = 6E43A23A2794480F0053C86E /* LaunchScreen.storyboard */; };
		6E43A24627944FFB0053C86E /* UIButton+Ext.swift in Sources */ = {isa = PBXBuildFile; fileRef = 6E43A24527944FFB0053C86E /* UIButton+Ext.swift */; };
		6E43A248279451C30053C86E /* UIFont+Ext.swift in Sources */ = {isa = PBXBuildFile; fileRef = 6E43A247279451C30053C86E /* UIFont+Ext.swift */; };
		6E43A24A279452740053C86E /* UIColor+Ext.swift in Sources */ = {isa = PBXBuildFile; fileRef = 6E43A249279452740053C86E /* UIColor+Ext.swift */; };
		6E43A24D27945E1C0053C86E /* UILabel+Ext.swift in Sources */ = {isa = PBXBuildFile; fileRef = 6E43A24C27945E1C0053C86E /* UILabel+Ext.swift */; };
		6E43A24F27945F160053C86E /* UIImageView+Ext.swift in Sources */ = {isa = PBXBuildFile; fileRef = 6E43A24E27945F160053C86E /* UIImageView+Ext.swift */; };
		6E43A253279464780053C86E /* ButtonFormView.swift in Sources */ = {isa = PBXBuildFile; fileRef = 6E43A252279464780053C86E /* ButtonFormView.swift */; };
		6E43A2552794691E0053C86E /* UIStackView+Ext.swift in Sources */ = {isa = PBXBuildFile; fileRef = 6E43A2542794691E0053C86E /* UIStackView+Ext.swift */; };
		6E43A25827946B840053C86E /* SignUpViewController.swift in Sources */ = {isa = PBXBuildFile; fileRef = 6E43A25727946B840053C86E /* SignUpViewController.swift */; };
		6E43A25A27946E250053C86E /* OneLineTextField.swift in Sources */ = {isa = PBXBuildFile; fileRef = 6E43A25927946E250053C86E /* OneLineTextField.swift */; };
		6E43A25D27949EA50053C86E /* LoginViewController.swift in Sources */ = {isa = PBXBuildFile; fileRef = 6E43A25C27949EA50053C86E /* LoginViewController.swift */; };
		6E43A2602794A5970053C86E /* SetupViewController.swift in Sources */ = {isa = PBXBuildFile; fileRef = 6E43A25F2794A5960053C86E /* SetupViewController.swift */; };
		6E43A2622794A7A50053C86E /* AddPhotoView.swift in Sources */ = {isa = PBXBuildFile; fileRef = 6E43A2612794A7A50053C86E /* AddPhotoView.swift */; };
		6E43A2642794AD900053C86E /* UISegmentedControl+Ext.swift in Sources */ = {isa = PBXBuildFile; fileRef = 6E43A2632794AD900053C86E /* UISegmentedControl+Ext.swift */; };
		6EE5908D2795EF5300540898 /* ContactsCell.swift in Sources */ = {isa = PBXBuildFile; fileRef = 6EE5908C2795EF5300540898 /* ContactsCell.swift */; };
		6EE5908F2795F09B00540898 /* UIViewController+Ext.swift in Sources */ = {isa = PBXBuildFile; fileRef = 6EE5908E2795F09B00540898 /* UIViewController+Ext.swift */; };
		6EE590922796D0A400540898 /* ProfileViewController.swift in Sources */ = {isa = PBXBuildFile; fileRef = 6EE590912796D0A400540898 /* ProfileViewController.swift */; };
		6EE590942796DC6600540898 /* InsertableTextField.swift in Sources */ = {isa = PBXBuildFile; fileRef = 6EE590932796DC6600540898 /* InsertableTextField.swift */; };
		6EE590962796E1A900540898 /* UIView+Ext.swift in Sources */ = {isa = PBXBuildFile; fileRef = 6EE590952796E1A900540898 /* UIView+Ext.swift */; };
		6EE590992796E73700540898 /* ChatRequestViewController.swift in Sources */ = {isa = PBXBuildFile; fileRef = 6EE590982796E73700540898 /* ChatRequestViewController.swift */; };
/* End PBXBuildFile section */

/* Begin PBXFileReference section */
		6E0C3571279551AC005FF0EF /* ListViewController.swift */ = {isa = PBXFileReference; lastKnownFileType = sourcecode.swift; path = ListViewController.swift; sourceTree = "<group>"; };
		6E0C3576279552F4005FF0EF /* MainTabBarController.swift */ = {isa = PBXFileReference; lastKnownFileType = sourcecode.swift; path = MainTabBarController.swift; sourceTree = "<group>"; };
		6E0C3579279553C6005FF0EF /* ContactsViewController.swift */ = {isa = PBXFileReference; lastKnownFileType = sourcecode.swift; path = ContactsViewController.swift; sourceTree = "<group>"; };
		6E0C357B27956957005FF0EF /* waitingChats.json */ = {isa = PBXFileReference; fileEncoding = 4; lastKnownFileType = text.json; path = waitingChats.json; sourceTree = "<group>"; };
		6E0C357D2795695D005FF0EF /* activeChats.json */ = {isa = PBXFileReference; fileEncoding = 4; lastKnownFileType = text.json; path = activeChats.json; sourceTree = "<group>"; };
		6E0C358227956B53005FF0EF /* Bundle+Ext.swift */ = {isa = PBXFileReference; lastKnownFileType = sourcecode.swift; path = "Bundle+Ext.swift"; sourceTree = "<group>"; };
		6E0C358527956F08005FF0EF /* ChatModel.swift */ = {isa = PBXFileReference; lastKnownFileType = sourcecode.swift; path = ChatModel.swift; sourceTree = "<group>"; };
		6E0C358827958A5B005FF0EF /* ActiveChatCell.swift */ = {isa = PBXFileReference; lastKnownFileType = sourcecode.swift; path = ActiveChatCell.swift; sourceTree = "<group>"; };
		6E0C358A279593C1005FF0EF /* GradientView.swift */ = {isa = PBXFileReference; lastKnownFileType = sourcecode.swift; path = GradientView.swift; sourceTree = "<group>"; };
		6E0C358C27959F17005FF0EF /* WaitingChatCell.swift */ = {isa = PBXFileReference; lastKnownFileType = sourcecode.swift; path = WaitingChatCell.swift; sourceTree = "<group>"; };
		6E0C358F2795A047005FF0EF /* ConfiguringCell.swift */ = {isa = PBXFileReference; lastKnownFileType = sourcecode.swift; path = ConfiguringCell.swift; sourceTree = "<group>"; };
		6E0C35912795A284005FF0EF /* SectionHeader.swift */ = {isa = PBXFileReference; lastKnownFileType = sourcecode.swift; path = SectionHeader.swift; sourceTree = "<group>"; };
		6E0C35932795AA3F005FF0EF /* users.json */ = {isa = PBXFileReference; fileEncoding = 4; lastKnownFileType = text.json; path = users.json; sourceTree = "<group>"; };
		6E0C35982795AB0A005FF0EF /* ModelUser.swift */ = {isa = PBXFileReference; lastKnownFileType = sourcecode.swift; path = ModelUser.swift; sourceTree = "<group>"; };
		6E43A22C2794480C0053C86E /* OnlyChat.app */ = {isa = PBXFileReference; explicitFileType = wrapper.application; includeInIndex = 0; path = OnlyChat.app; sourceTree = BUILT_PRODUCTS_DIR; };
		6E43A22F2794480C0053C86E /* AppDelegate.swift */ = {isa = PBXFileReference; lastKnownFileType = sourcecode.swift; path = AppDelegate.swift; sourceTree = "<group>"; };
		6E43A2312794480C0053C86E /* SceneDelegate.swift */ = {isa = PBXFileReference; lastKnownFileType = sourcecode.swift; path = SceneDelegate.swift; sourceTree = "<group>"; };
		6E43A2332794480C0053C86E /* AuthViewController.swift */ = {isa = PBXFileReference; lastKnownFileType = sourcecode.swift; path = AuthViewController.swift; sourceTree = "<group>"; };
		6E43A2382794480F0053C86E /* Assets.xcassets */ = {isa = PBXFileReference; lastKnownFileType = folder.assetcatalog; path = Assets.xcassets; sourceTree = "<group>"; };
		6E43A23B2794480F0053C86E /* Base */ = {isa = PBXFileReference; lastKnownFileType = file.storyboard; name = Base; path = Base.lproj/LaunchScreen.storyboard; sourceTree = "<group>"; };
		6E43A23D2794480F0053C86E /* Info.plist */ = {isa = PBXFileReference; lastKnownFileType = text.plist.xml; path = Info.plist; sourceTree = "<group>"; };
		6E43A24527944FFB0053C86E /* UIButton+Ext.swift */ = {isa = PBXFileReference; lastKnownFileType = sourcecode.swift; path = "UIButton+Ext.swift"; sourceTree = "<group>"; };
		6E43A247279451C30053C86E /* UIFont+Ext.swift */ = {isa = PBXFileReference; lastKnownFileType = sourcecode.swift; path = "UIFont+Ext.swift"; sourceTree = "<group>"; };
		6E43A249279452740053C86E /* UIColor+Ext.swift */ = {isa = PBXFileReference; lastKnownFileType = sourcecode.swift; path = "UIColor+Ext.swift"; sourceTree = "<group>"; };
		6E43A24C27945E1C0053C86E /* UILabel+Ext.swift */ = {isa = PBXFileReference; lastKnownFileType = sourcecode.swift; path = "UILabel+Ext.swift"; sourceTree = "<group>"; };
		6E43A24E27945F160053C86E /* UIImageView+Ext.swift */ = {isa = PBXFileReference; lastKnownFileType = sourcecode.swift; path = "UIImageView+Ext.swift"; sourceTree = "<group>"; };
		6E43A252279464780053C86E /* ButtonFormView.swift */ = {isa = PBXFileReference; lastKnownFileType = sourcecode.swift; path = ButtonFormView.swift; sourceTree = "<group>"; };
		6E43A2542794691E0053C86E /* UIStackView+Ext.swift */ = {isa = PBXFileReference; lastKnownFileType = sourcecode.swift; path = "UIStackView+Ext.swift"; sourceTree = "<group>"; };
		6E43A25727946B840053C86E /* SignUpViewController.swift */ = {isa = PBXFileReference; lastKnownFileType = sourcecode.swift; path = SignUpViewController.swift; sourceTree = "<group>"; };
		6E43A25927946E250053C86E /* OneLineTextField.swift */ = {isa = PBXFileReference; lastKnownFileType = sourcecode.swift; path = OneLineTextField.swift; sourceTree = "<group>"; };
		6E43A25C27949EA50053C86E /* LoginViewController.swift */ = {isa = PBXFileReference; lastKnownFileType = sourcecode.swift; path = LoginViewController.swift; sourceTree = "<group>"; };
		6E43A25F2794A5960053C86E /* SetupViewController.swift */ = {isa = PBXFileReference; lastKnownFileType = sourcecode.swift; path = SetupViewController.swift; sourceTree = "<group>"; };
		6E43A2612794A7A50053C86E /* AddPhotoView.swift */ = {isa = PBXFileReference; lastKnownFileType = sourcecode.swift; path = AddPhotoView.swift; sourceTree = "<group>"; };
		6E43A2632794AD900053C86E /* UISegmentedControl+Ext.swift */ = {isa = PBXFileReference; lastKnownFileType = sourcecode.swift; path = "UISegmentedControl+Ext.swift"; sourceTree = "<group>"; };
		6EE5908C2795EF5300540898 /* ContactsCell.swift */ = {isa = PBXFileReference; lastKnownFileType = sourcecode.swift; path = ContactsCell.swift; sourceTree = "<group>"; };
		6EE5908E2795F09B00540898 /* UIViewController+Ext.swift */ = {isa = PBXFileReference; lastKnownFileType = sourcecode.swift; path = "UIViewController+Ext.swift"; sourceTree = "<group>"; };
		6EE590912796D0A400540898 /* ProfileViewController.swift */ = {isa = PBXFileReference; lastKnownFileType = sourcecode.swift; path = ProfileViewController.swift; sourceTree = "<group>"; };
		6EE590932796DC6600540898 /* InsertableTextField.swift */ = {isa = PBXFileReference; lastKnownFileType = sourcecode.swift; path = InsertableTextField.swift; sourceTree = "<group>"; };
		6EE590952796E1A900540898 /* UIView+Ext.swift */ = {isa = PBXFileReference; lastKnownFileType = sourcecode.swift; path = "UIView+Ext.swift"; sourceTree = "<group>"; };
		6EE590982796E73700540898 /* ChatRequestViewController.swift */ = {isa = PBXFileReference; lastKnownFileType = sourcecode.swift; path = ChatRequestViewController.swift; sourceTree = "<group>"; };
/* End PBXFileReference section */

/* Begin PBXFrameworksBuildPhase section */
		6E43A2292794480C0053C86E /* Frameworks */ = {
			isa = PBXFrameworksBuildPhase;
			buildActionMask = 2147483647;
			files = (
			);
			runOnlyForDeploymentPostprocessing = 0;
		};
/* End PBXFrameworksBuildPhase section */

/* Begin PBXGroup section */
		6E0C35702795518D005FF0EF /* List */ = {
			isa = PBXGroup;
			children = (
				6EE590972796E72000540898 /* ChatRequest */,
				6E0C35952795AA60005FF0EF /* Header */,
				6E0C358727958A46005FF0EF /* Cell */,
				6E0C358427956EF6005FF0EF /* Models */,
				6E0C35962795AA74005FF0EF /* ViewController */,
			);
			path = List;
			sourceTree = "<group>";
		};
		6E0C35732795529A005FF0EF /* SignIn&Auth */ = {
			isa = PBXGroup;
			children = (
				6E43A24327944F1F0053C86E /* Auth */,
				6E43A25627946B660053C86E /* SignUp */,
				6E43A25B27949E850053C86E /* Login */,
				6E43A25E2794A5790053C86E /* SetupProfile */,
			);
			path = "SignIn&Auth";
			sourceTree = "<group>";
		};
		6E0C3574279552C0005FF0EF /* Chats */ = {
			isa = PBXGroup;
			children = (
				6E0C3575279552E0005FF0EF /* TabBar */,
			);
			path = Chats;
			sourceTree = "<group>";
		};
		6E0C3575279552E0005FF0EF /* TabBar */ = {
			isa = PBXGroup;
			children = (
				6E0C35702795518D005FF0EF /* List */,
				6E0C35782795534C005FF0EF /* Contacts */,
				6E0C3576279552F4005FF0EF /* MainTabBarController.swift */,
			);
			path = TabBar;
			sourceTree = "<group>";
		};
		6E0C35782795534C005FF0EF /* Contacts */ = {
			isa = PBXGroup;
			children = (
				6EE590902796D08700540898 /* ProfileView */,
				6EE5908B2795EF3B00540898 /* Cell */,
				6E0C35972795AAFA005FF0EF /* Model */,
				6E0C3579279553C6005FF0EF /* ContactsViewController.swift */,
			);
			path = Contacts;
			sourceTree = "<group>";
		};
		6E0C358427956EF6005FF0EF /* Models */ = {
			isa = PBXGroup;
			children = (
				6E0C358527956F08005FF0EF /* ChatModel.swift */,
			);
			path = Models;
			sourceTree = "<group>";
		};
		6E0C358727958A46005FF0EF /* Cell */ = {
			isa = PBXGroup;
			children = (
				6E0C358827958A5B005FF0EF /* ActiveChatCell.swift */,
				6E0C358C27959F17005FF0EF /* WaitingChatCell.swift */,
			);
			path = Cell;
			sourceTree = "<group>";
		};
		6E0C358E2795A035005FF0EF /* Protocols */ = {
			isa = PBXGroup;
			children = (
				6E0C358F2795A047005FF0EF /* ConfiguringCell.swift */,
			);
			path = Protocols;
			sourceTree = "<group>";
		};
		6E0C35952795AA60005FF0EF /* Header */ = {
			isa = PBXGroup;
			children = (
				6E0C35912795A284005FF0EF /* SectionHeader.swift */,
			);
			path = Header;
			sourceTree = "<group>";
		};
		6E0C35962795AA74005FF0EF /* ViewController */ = {
			isa = PBXGroup;
			children = (
				6E0C3571279551AC005FF0EF /* ListViewController.swift */,
			);
			path = ViewController;
			sourceTree = "<group>";
		};
		6E0C35972795AAFA005FF0EF /* Model */ = {
			isa = PBXGroup;
			children = (
				6E0C35982795AB0A005FF0EF /* ModelUser.swift */,
			);
			path = Model;
			sourceTree = "<group>";
		};
		6E43A2232794480C0053C86E = {
			isa = PBXGroup;
			children = (
				6E43A22E2794480C0053C86E /* OnlyChat */,
				6E43A22D2794480C0053C86E /* Products */,
			);
			sourceTree = "<group>";
		};
		6E43A22D2794480C0053C86E /* Products */ = {
			isa = PBXGroup;
			children = (
				6E43A22C2794480C0053C86E /* OnlyChat.app */,
			);
			name = Products;
			sourceTree = "<group>";
		};
		6E43A22E2794480C0053C86E /* OnlyChat */ = {
			isa = PBXGroup;
			children = (
				6E0C358E2795A035005FF0EF /* Protocols */,
				6E43A2512794645A0053C86E /* CustomElements */,
				6E43A24427944FE70053C86E /* Extension */,
				6E0C35732795529A005FF0EF /* SignIn&Auth */,
				6E0C3574279552C0005FF0EF /* Chats */,
				6E43A22F2794480C0053C86E /* AppDelegate.swift */,
				6E43A2312794480C0053C86E /* SceneDelegate.swift */,
				6E43A2382794480F0053C86E /* Assets.xcassets */,
				6E43A23A2794480F0053C86E /* LaunchScreen.storyboard */,
				6E43A23D2794480F0053C86E /* Info.plist */,
				6E0C357B27956957005FF0EF /* waitingChats.json */,
				6E0C357D2795695D005FF0EF /* activeChats.json */,
				6E0C35932795AA3F005FF0EF /* users.json */,
			);
			path = OnlyChat;
			sourceTree = "<group>";
		};
		6E43A24327944F1F0053C86E /* Auth */ = {
			isa = PBXGroup;
			children = (
				6E43A2332794480C0053C86E /* AuthViewController.swift */,
			);
			path = Auth;
			sourceTree = "<group>";
		};
		6E43A24427944FE70053C86E /* Extension */ = {
			isa = PBXGroup;
			children = (
				6E43A250279462A10053C86E /* UIKit */,
				6E0C358227956B53005FF0EF /* Bundle+Ext.swift */,
			);
			path = Extension;
			sourceTree = "<group>";
		};
		6E43A250279462A10053C86E /* UIKit */ = {
			isa = PBXGroup;
			children = (
				6E43A24527944FFB0053C86E /* UIButton+Ext.swift */,
				6E43A247279451C30053C86E /* UIFont+Ext.swift */,
				6E43A249279452740053C86E /* UIColor+Ext.swift */,
				6E43A24C27945E1C0053C86E /* UILabel+Ext.swift */,
				6E43A24E27945F160053C86E /* UIImageView+Ext.swift */,
				6E43A2542794691E0053C86E /* UIStackView+Ext.swift */,
				6E43A2632794AD900053C86E /* UISegmentedControl+Ext.swift */,
				6EE5908E2795F09B00540898 /* UIViewController+Ext.swift */,
				6EE590952796E1A900540898 /* UIView+Ext.swift */,
			);
			path = UIKit;
			sourceTree = "<group>";
		};
		6E43A2512794645A0053C86E /* CustomElements */ = {
			isa = PBXGroup;
			children = (
				6E43A252279464780053C86E /* ButtonFormView.swift */,
				6E43A25927946E250053C86E /* OneLineTextField.swift */,
				6E43A2612794A7A50053C86E /* AddPhotoView.swift */,
				6E0C358A279593C1005FF0EF /* GradientView.swift */,
				6EE590932796DC6600540898 /* InsertableTextField.swift */,
			);
			path = CustomElements;
			sourceTree = "<group>";
		};
		6E43A25627946B660053C86E /* SignUp */ = {
			isa = PBXGroup;
			children = (
				6E43A25727946B840053C86E /* SignUpViewController.swift */,
			);
			path = SignUp;
			sourceTree = "<group>";
		};
		6E43A25B27949E850053C86E /* Login */ = {
			isa = PBXGroup;
			children = (
				6E43A25C27949EA50053C86E /* LoginViewController.swift */,
			);
			path = Login;
			sourceTree = "<group>";
		};
		6E43A25E2794A5790053C86E /* SetupProfile */ = {
			isa = PBXGroup;
			children = (
				6E43A25F2794A5960053C86E /* SetupViewController.swift */,
			);
			path = SetupProfile;
			sourceTree = "<group>";
		};
		6EE5908B2795EF3B00540898 /* Cell */ = {
			isa = PBXGroup;
			children = (
				6EE5908C2795EF5300540898 /* ContactsCell.swift */,
			);
			path = Cell;
			sourceTree = "<group>";
		};
		6EE590902796D08700540898 /* ProfileView */ = {
			isa = PBXGroup;
			children = (
				6EE590912796D0A400540898 /* ProfileViewController.swift */,
			);
			path = ProfileView;
			sourceTree = "<group>";
		};
		6EE590972796E72000540898 /* ChatRequest */ = {
			isa = PBXGroup;
			children = (
				6EE590982796E73700540898 /* ChatRequestViewController.swift */,
			);
			path = ChatRequest;
			sourceTree = "<group>";
		};
/* End PBXGroup section */

/* Begin PBXNativeTarget section */
		6E43A22B2794480C0053C86E /* OnlyChat */ = {
			isa = PBXNativeTarget;
			buildConfigurationList = 6E43A2402794480F0053C86E /* Build configuration list for PBXNativeTarget "OnlyChat" */;
			buildPhases = (
				6E43A2282794480C0053C86E /* Sources */,
				6E43A2292794480C0053C86E /* Frameworks */,
				6E43A22A2794480C0053C86E /* Resources */,
			);
			buildRules = (
			);
			dependencies = (
			);
			name = OnlyChat;
			productName = OnlyChat;
			productReference = 6E43A22C2794480C0053C86E /* OnlyChat.app */;
			productType = "com.apple.product-type.application";
		};
/* End PBXNativeTarget section */

/* Begin PBXProject section */
		6E43A2242794480C0053C86E /* Project object */ = {
			isa = PBXProject;
			attributes = {
				BuildIndependentTargetsInParallel = 1;
				LastSwiftUpdateCheck = 1320;
				LastUpgradeCheck = 1320;
				TargetAttributes = {
					6E43A22B2794480C0053C86E = {
						CreatedOnToolsVersion = 13.2.1;
					};
				};
			};
			buildConfigurationList = 6E43A2272794480C0053C86E /* Build configuration list for PBXProject "OnlyChat" */;
			compatibilityVersion = "Xcode 13.0";
			developmentRegion = en;
			hasScannedForEncodings = 0;
			knownRegions = (
				en,
				Base,
			);
			mainGroup = 6E43A2232794480C0053C86E;
			productRefGroup = 6E43A22D2794480C0053C86E /* Products */;
			projectDirPath = "";
			projectRoot = "";
			targets = (
				6E43A22B2794480C0053C86E /* OnlyChat */,
			);
		};
/* End PBXProject section */

/* Begin PBXResourcesBuildPhase section */
		6E43A22A2794480C0053C86E /* Resources */ = {
			isa = PBXResourcesBuildPhase;
			buildActionMask = 2147483647;
			files = (
				6E0C35942795AA3F005FF0EF /* users.json in Resources */,
				6E0C357C27956957005FF0EF /* waitingChats.json in Resources */,
				6E43A23C2794480F0053C86E /* LaunchScreen.storyboard in Resources */,
				6E43A2392794480F0053C86E /* Assets.xcassets in Resources */,
				6E0C357E2795695D005FF0EF /* activeChats.json in Resources */,
			);
			runOnlyForDeploymentPostprocessing = 0;
		};
/* End PBXResourcesBuildPhase section */

/* Begin PBXSourcesBuildPhase section */
		6E43A2282794480C0053C86E /* Sources */ = {
			isa = PBXSourcesBuildPhase;
			buildActionMask = 2147483647;
			files = (
				6EE590962796E1A900540898 /* UIView+Ext.swift in Sources */,
				6E0C3572279551AD005FF0EF /* ListViewController.swift in Sources */,
				6E0C358B279593C1005FF0EF /* GradientView.swift in Sources */,
				6E43A25A27946E250053C86E /* OneLineTextField.swift in Sources */,
				6E43A25827946B840053C86E /* SignUpViewController.swift in Sources */,
				6E0C357A279553C6005FF0EF /* ContactsViewController.swift in Sources */,
				6E0C3577279552F4005FF0EF /* MainTabBarController.swift in Sources */,
				6E43A24F27945F160053C86E /* UIImageView+Ext.swift in Sources */,
				6E43A2552794691E0053C86E /* UIStackView+Ext.swift in Sources */,
				6E43A2342794480C0053C86E /* AuthViewController.swift in Sources */,
				6E43A2302794480C0053C86E /* AppDelegate.swift in Sources */,
				6EE590942796DC6600540898 /* InsertableTextField.swift in Sources */,
				6E43A2602794A5970053C86E /* SetupViewController.swift in Sources */,
				6E43A2622794A7A50053C86E /* AddPhotoView.swift in Sources */,
				6EE590922796D0A400540898 /* ProfileViewController.swift in Sources */,
				6EE590992796E73700540898 /* ChatRequestViewController.swift in Sources */,
				6E0C35922795A284005FF0EF /* SectionHeader.swift in Sources */,
				6E43A253279464780053C86E /* ButtonFormView.swift in Sources */,
				6E43A2322794480C0053C86E /* SceneDelegate.swift in Sources */,
				6E43A24A279452740053C86E /* UIColor+Ext.swift in Sources */,
				6E43A24627944FFB0053C86E /* UIButton+Ext.swift in Sources */,
				6E43A248279451C30053C86E /* UIFont+Ext.swift in Sources */,
				6E43A25D27949EA50053C86E /* LoginViewController.swift in Sources */,
				6E0C358627956F08005FF0EF /* ChatModel.swift in Sources */,
				6EE5908D2795EF5300540898 /* ContactsCell.swift in Sources */,
				6E0C358D27959F17005FF0EF /* WaitingChatCell.swift in Sources */,
				6E0C35992795AB0A005FF0EF /* ModelUser.swift in Sources */,
				6E0C358327956B53005FF0EF /* Bundle+Ext.swift in Sources */,
				6E0C358927958A5B005FF0EF /* ActiveChatCell.swift in Sources */,
				6E43A2642794AD900053C86E /* UISegmentedControl+Ext.swift in Sources */,
				6E0C35902795A047005FF0EF /* ConfiguringCell.swift in Sources */,
				6EE5908F2795F09B00540898 /* UIViewController+Ext.swift in Sources */,
				6E43A24D27945E1C0053C86E /* UILabel+Ext.swift in Sources */,
			);
			runOnlyForDeploymentPostprocessing = 0;
		};
/* End PBXSourcesBuildPhase section */

/* Begin PBXVariantGroup section */
		6E43A23A2794480F0053C86E /* LaunchScreen.storyboard */ = {
			isa = PBXVariantGroup;
			children = (
				6E43A23B2794480F0053C86E /* Base */,
			);
			name = LaunchScreen.storyboard;
			sourceTree = "<group>";
		};
/* End PBXVariantGroup section */

/* Begin XCBuildConfiguration section */
		6E43A23E2794480F0053C86E /* Debug */ = {
			isa = XCBuildConfiguration;
			buildSettings = {
				ALWAYS_SEARCH_USER_PATHS = NO;
				CLANG_ANALYZER_NONNULL = YES;
				CLANG_ANALYZER_NUMBER_OBJECT_CONVERSION = YES_AGGRESSIVE;
				CLANG_CXX_LANGUAGE_STANDARD = "gnu++17";
				CLANG_CXX_LIBRARY = "libc++";
				CLANG_ENABLE_MODULES = YES;
				CLANG_ENABLE_OBJC_ARC = YES;
				CLANG_ENABLE_OBJC_WEAK = YES;
				CLANG_WARN_BLOCK_CAPTURE_AUTORELEASING = YES;
				CLANG_WARN_BOOL_CONVERSION = YES;
				CLANG_WARN_COMMA = YES;
				CLANG_WARN_CONSTANT_CONVERSION = YES;
				CLANG_WARN_DEPRECATED_OBJC_IMPLEMENTATIONS = YES;
				CLANG_WARN_DIRECT_OBJC_ISA_USAGE = YES_ERROR;
				CLANG_WARN_DOCUMENTATION_COMMENTS = YES;
				CLANG_WARN_EMPTY_BODY = YES;
				CLANG_WARN_ENUM_CONVERSION = YES;
				CLANG_WARN_INFINITE_RECURSION = YES;
				CLANG_WARN_INT_CONVERSION = YES;
				CLANG_WARN_NON_LITERAL_NULL_CONVERSION = YES;
				CLANG_WARN_OBJC_IMPLICIT_RETAIN_SELF = YES;
				CLANG_WARN_OBJC_LITERAL_CONVERSION = YES;
				CLANG_WARN_OBJC_ROOT_CLASS = YES_ERROR;
				CLANG_WARN_QUOTED_INCLUDE_IN_FRAMEWORK_HEADER = YES;
				CLANG_WARN_RANGE_LOOP_ANALYSIS = YES;
				CLANG_WARN_STRICT_PROTOTYPES = YES;
				CLANG_WARN_SUSPICIOUS_MOVE = YES;
				CLANG_WARN_UNGUARDED_AVAILABILITY = YES_AGGRESSIVE;
				CLANG_WARN_UNREACHABLE_CODE = YES;
				CLANG_WARN__DUPLICATE_METHOD_MATCH = YES;
				COPY_PHASE_STRIP = NO;
				DEBUG_INFORMATION_FORMAT = dwarf;
				ENABLE_STRICT_OBJC_MSGSEND = YES;
				ENABLE_TESTABILITY = YES;
				GCC_C_LANGUAGE_STANDARD = gnu11;
				GCC_DYNAMIC_NO_PIC = NO;
				GCC_NO_COMMON_BLOCKS = YES;
				GCC_OPTIMIZATION_LEVEL = 0;
				GCC_PREPROCESSOR_DEFINITIONS = (
					"DEBUG=1",
					"$(inherited)",
				);
				GCC_WARN_64_TO_32_BIT_CONVERSION = YES;
				GCC_WARN_ABOUT_RETURN_TYPE = YES_ERROR;
				GCC_WARN_UNDECLARED_SELECTOR = YES;
				GCC_WARN_UNINITIALIZED_AUTOS = YES_AGGRESSIVE;
				GCC_WARN_UNUSED_FUNCTION = YES;
				GCC_WARN_UNUSED_VARIABLE = YES;
				IPHONEOS_DEPLOYMENT_TARGET = 15.2;
				MTL_ENABLE_DEBUG_INFO = INCLUDE_SOURCE;
				MTL_FAST_MATH = YES;
				ONLY_ACTIVE_ARCH = YES;
				SDKROOT = iphoneos;
				SWIFT_ACTIVE_COMPILATION_CONDITIONS = DEBUG;
				SWIFT_OPTIMIZATION_LEVEL = "-Onone";
			};
			name = Debug;
		};
		6E43A23F2794480F0053C86E /* Release */ = {
			isa = XCBuildConfiguration;
			buildSettings = {
				ALWAYS_SEARCH_USER_PATHS = NO;
				CLANG_ANALYZER_NONNULL = YES;
				CLANG_ANALYZER_NUMBER_OBJECT_CONVERSION = YES_AGGRESSIVE;
				CLANG_CXX_LANGUAGE_STANDARD = "gnu++17";
				CLANG_CXX_LIBRARY = "libc++";
				CLANG_ENABLE_MODULES = YES;
				CLANG_ENABLE_OBJC_ARC = YES;
				CLANG_ENABLE_OBJC_WEAK = YES;
				CLANG_WARN_BLOCK_CAPTURE_AUTORELEASING = YES;
				CLANG_WARN_BOOL_CONVERSION = YES;
				CLANG_WARN_COMMA = YES;
				CLANG_WARN_CONSTANT_CONVERSION = YES;
				CLANG_WARN_DEPRECATED_OBJC_IMPLEMENTATIONS = YES;
				CLANG_WARN_DIRECT_OBJC_ISA_USAGE = YES_ERROR;
				CLANG_WARN_DOCUMENTATION_COMMENTS = YES;
				CLANG_WARN_EMPTY_BODY = YES;
				CLANG_WARN_ENUM_CONVERSION = YES;
				CLANG_WARN_INFINITE_RECURSION = YES;
				CLANG_WARN_INT_CONVERSION = YES;
				CLANG_WARN_NON_LITERAL_NULL_CONVERSION = YES;
				CLANG_WARN_OBJC_IMPLICIT_RETAIN_SELF = YES;
				CLANG_WARN_OBJC_LITERAL_CONVERSION = YES;
				CLANG_WARN_OBJC_ROOT_CLASS = YES_ERROR;
				CLANG_WARN_QUOTED_INCLUDE_IN_FRAMEWORK_HEADER = YES;
				CLANG_WARN_RANGE_LOOP_ANALYSIS = YES;
				CLANG_WARN_STRICT_PROTOTYPES = YES;
				CLANG_WARN_SUSPICIOUS_MOVE = YES;
				CLANG_WARN_UNGUARDED_AVAILABILITY = YES_AGGRESSIVE;
				CLANG_WARN_UNREACHABLE_CODE = YES;
				CLANG_WARN__DUPLICATE_METHOD_MATCH = YES;
				COPY_PHASE_STRIP = NO;
				DEBUG_INFORMATION_FORMAT = "dwarf-with-dsym";
				ENABLE_NS_ASSERTIONS = NO;
				ENABLE_STRICT_OBJC_MSGSEND = YES;
				GCC_C_LANGUAGE_STANDARD = gnu11;
				GCC_NO_COMMON_BLOCKS = YES;
				GCC_WARN_64_TO_32_BIT_CONVERSION = YES;
				GCC_WARN_ABOUT_RETURN_TYPE = YES_ERROR;
				GCC_WARN_UNDECLARED_SELECTOR = YES;
				GCC_WARN_UNINITIALIZED_AUTOS = YES_AGGRESSIVE;
				GCC_WARN_UNUSED_FUNCTION = YES;
				GCC_WARN_UNUSED_VARIABLE = YES;
				IPHONEOS_DEPLOYMENT_TARGET = 15.2;
				MTL_ENABLE_DEBUG_INFO = NO;
				MTL_FAST_MATH = YES;
				SDKROOT = iphoneos;
				SWIFT_COMPILATION_MODE = wholemodule;
				SWIFT_OPTIMIZATION_LEVEL = "-O";
				VALIDATE_PRODUCT = YES;
			};
			name = Release;
		};
		6E43A2412794480F0053C86E /* Debug */ = {
			isa = XCBuildConfiguration;
			buildSettings = {
				ASSETCATALOG_COMPILER_APPICON_NAME = AppIcon;
				ASSETCATALOG_COMPILER_GLOBAL_ACCENT_COLOR_NAME = AccentColor;
				CODE_SIGN_STYLE = Automatic;
				CURRENT_PROJECT_VERSION = 1;
				DEVELOPMENT_TEAM = 7BMH97S98D;
				GENERATE_INFOPLIST_FILE = YES;
				INFOPLIST_FILE = OnlyChat/Info.plist;
				INFOPLIST_KEY_UIApplicationSupportsIndirectInputEvents = YES;
				INFOPLIST_KEY_UILaunchStoryboardName = LaunchScreen;
				INFOPLIST_KEY_UISupportedInterfaceOrientations_iPad = "UIInterfaceOrientationPortrait UIInterfaceOrientationPortraitUpsideDown UIInterfaceOrientationLandscapeLeft UIInterfaceOrientationLandscapeRight";
				INFOPLIST_KEY_UISupportedInterfaceOrientations_iPhone = "UIInterfaceOrientationPortrait UIInterfaceOrientationLandscapeLeft UIInterfaceOrientationLandscapeRight";
				IPHONEOS_DEPLOYMENT_TARGET = 14.0;
				LD_RUNPATH_SEARCH_PATHS = (
					"$(inherited)",
					"@executable_path/Frameworks",
				);
				MARKETING_VERSION = 1.0;
				PRODUCT_BUNDLE_IDENTIFIER = app.OnlyChat;
				PRODUCT_NAME = "$(TARGET_NAME)";
				SWIFT_EMIT_LOC_STRINGS = YES;
				SWIFT_VERSION = 5.0;
				TARGETED_DEVICE_FAMILY = 1;
			};
			name = Debug;
		};
		6E43A2422794480F0053C86E /* Release */ = {
			isa = XCBuildConfiguration;
			buildSettings = {
				ASSETCATALOG_COMPILER_APPICON_NAME = AppIcon;
				ASSETCATALOG_COMPILER_GLOBAL_ACCENT_COLOR_NAME = AccentColor;
				CODE_SIGN_STYLE = Automatic;
				CURRENT_PROJECT_VERSION = 1;
				DEVELOPMENT_TEAM = 7BMH97S98D;
				GENERATE_INFOPLIST_FILE = YES;
				INFOPLIST_FILE = OnlyChat/Info.plist;
				INFOPLIST_KEY_UIApplicationSupportsIndirectInputEvents = YES;
				INFOPLIST_KEY_UILaunchStoryboardName = LaunchScreen;
				INFOPLIST_KEY_UISupportedInterfaceOrientations_iPad = "UIInterfaceOrientationPortrait UIInterfaceOrientationPortraitUpsideDown UIInterfaceOrientationLandscapeLeft UIInterfaceOrientationLandscapeRight";
				INFOPLIST_KEY_UISupportedInterfaceOrientations_iPhone = "UIInterfaceOrientationPortrait UIInterfaceOrientationLandscapeLeft UIInterfaceOrientationLandscapeRight";
				IPHONEOS_DEPLOYMENT_TARGET = 14.0;
				LD_RUNPATH_SEARCH_PATHS = (
					"$(inherited)",
					"@executable_path/Frameworks",
				);
				MARKETING_VERSION = 1.0;
				PRODUCT_BUNDLE_IDENTIFIER = app.OnlyChat;
				PRODUCT_NAME = "$(TARGET_NAME)";
				SWIFT_EMIT_LOC_STRINGS = YES;
				SWIFT_VERSION = 5.0;
				TARGETED_DEVICE_FAMILY = 1;
			};
			name = Release;
		};
/* End XCBuildConfiguration section */

/* Begin XCConfigurationList section */
		6E43A2272794480C0053C86E /* Build configuration list for PBXProject "OnlyChat" */ = {
			isa = XCConfigurationList;
			buildConfigurations = (
				6E43A23E2794480F0053C86E /* Debug */,
				6E43A23F2794480F0053C86E /* Release */,
			);
			defaultConfigurationIsVisible = 0;
			defaultConfigurationName = Release;
		};
		6E43A2402794480F0053C86E /* Build configuration list for PBXNativeTarget "OnlyChat" */ = {
			isa = XCConfigurationList;
			buildConfigurations = (
				6E43A2412794480F0053C86E /* Debug */,
				6E43A2422794480F0053C86E /* Release */,
			);
			defaultConfigurationIsVisible = 0;
			defaultConfigurationName = Release;
		};
/* End XCConfigurationList section */
	};
	rootObject = 6E43A2242794480C0053C86E /* Project object */;
}
